
Microsoft Visual Studio Solution File, Format Version 12.00
# 
Project("{2150E333-8FDC-42A3-9474-1A3956D46DE8}") = "src", "src", "{C2CFC6FD-2BFD-42FB-8D02-99F0C797161F}"
EndProject
Project("{FAE04EC0-301F-11D3-BF4B-00C04F79EFBC}") = "CocktailBar.Api", "src\CocktailBar.Api\CocktailBar.Api.csproj", "{956DFE06-5048-46F4-8ED7-4DCADC2A3570}"
EndProject
Project("{FAE04EC0-301F-11D3-BF4B-00C04F79EFBC}") = "CocktailBar.Domain", "src\CocktailBar.Domain\CocktailBar.Domain.csproj", "{058E9003-9CA9-463C-A812-E0E3A8AE345A}"
EndProject
Global
	GlobalSection(SolutionConfigurationPlatforms) = preSolution
		Debug|Any CPU = Debug|Any CPU
		Release|Any CPU = Release|Any CPU
	EndGlobalSection
	GlobalSection(ProjectConfigurationPlatforms) = postSolution
		{4B99878F-5312-480D-AA5D-147805AFFCF4}.Debug|Any CPU.ActiveCfg = Debug|Any CPU
		{4B99878F-5312-480D-AA5D-147805AFFCF4}.Debug|Any CPU.Build.0 = Debug|Any CPU
		{4B99878F-5312-480D-AA5D-147805AFFCF4}.Release|Any CPU.ActiveCfg = Release|Any CPU
		{4B99878F-5312-480D-AA5D-147805AFFCF4}.Release|Any CPU.Build.0 = Release|Any CPU
		{956DFE06-5048-46F4-8ED7-4DCADC2A3570}.Debug|Any CPU.ActiveCfg = Debug|Any CPU
		{956DFE06-5048-46F4-8ED7-4DCADC2A3570}.Debug|Any CPU.Build.0 = Debug|Any CPU
		{956DFE06-5048-46F4-8ED7-4DCADC2A3570}.Release|Any CPU.ActiveCfg = Release|Any CPU
		{956DFE06-5048-46F4-8ED7-4DCADC2A3570}.Release|Any CPU.Build.0 = Release|Any CPU
		{058E9003-9CA9-463C-A812-E0E3A8AE345A}.Debug|Any CPU.ActiveCfg = Debug|Any CPU
		{058E9003-9CA9-463C-A812-E0E3A8AE345A}.Debug|Any CPU.Build.0 = Debug|Any CPU
		{058E9003-9CA9-463C-A812-E0E3A8AE345A}.Release|Any CPU.ActiveCfg = Release|Any CPU
		{058E9003-9CA9-463C-A812-E0E3A8AE345A}.Release|Any CPU.Build.0 = Release|Any CPU
	EndGlobalSection
	GlobalSection(NestedProjects) = preSolution
		{956DFE06-5048-46F4-8ED7-4DCADC2A3570} = {C2CFC6FD-2BFD-42FB-8D02-99F0C797161F}
		{058E9003-9CA9-463C-A812-E0E3A8AE345A} = {C2CFC6FD-2BFD-42FB-8D02-99F0C797161F}
	EndGlobalSection
EndGlobal
